
Microsoft Visual Studio Solution File, Format Version 12.00
# Visual Studio Version 17
VisualStudioVersion = 17.11.35327.3
MinimumVisualStudioVersion = 10.0.40219.1
Project("{9A19103F-16F7-4668-BE54-9A1E7A4F7556}") = "SudokuSolverLib", "SudokuSolverLib\SudokuSolverLib.csproj", "{56E82F3D-AD30-4D2A-8633-6B47FB931789}"
EndProject
Project("{9A19103F-16F7-4668-BE54-9A1E7A4F7556}") = "SudokuSolverApi", "SudokuSolverApi\SudokuSolverApi.csproj", "{505A0045-1849-4B87-B675-DE475CBFAE2C}"
EndProject
Project("{54A90642-561A-4BB1-A94E-469ADEE60C69}") = "sudokusolvervue", "SudokuSolverVue\sudokusolvervue.esproj", "{DAF8F35E-91EE-4A38-8F65-B4E5366D10CD}"
EndProject
Global
	GlobalSection(SolutionConfigurationPlatforms) = preSolution
		Debug|Any CPU = Debug|Any CPU
		Release|Any CPU = Release|Any CPU
	EndGlobalSection
	GlobalSection(ProjectConfigurationPlatforms) = postSolution
		{56E82F3D-AD30-4D2A-8633-6B47FB931789}.Debug|Any CPU.ActiveCfg = Debug|Any CPU
		{56E82F3D-AD30-4D2A-8633-6B47FB931789}.Debug|Any CPU.Build.0 = Debug|Any CPU
		{56E82F3D-AD30-4D2A-8633-6B47FB931789}.Release|Any CPU.ActiveCfg = Release|Any CPU
		{56E82F3D-AD30-4D2A-8633-6B47FB931789}.Release|Any CPU.Build.0 = Release|Any CPU
		{505A0045-1849-4B87-B675-DE475CBFAE2C}.Debug|Any CPU.ActiveCfg = Debug|Any CPU
		{505A0045-1849-4B87-B675-DE475CBFAE2C}.Debug|Any CPU.Build.0 = Debug|Any CPU
		{505A0045-1849-4B87-B675-DE475CBFAE2C}.Release|Any CPU.ActiveCfg = Release|Any CPU
		{505A0045-1849-4B87-B675-DE475CBFAE2C}.Release|Any CPU.Build.0 = Release|Any CPU
		{DAF8F35E-91EE-4A38-8F65-B4E5366D10CD}.Debug|Any CPU.ActiveCfg = Debug|Any CPU
		{DAF8F35E-91EE-4A38-8F65-B4E5366D10CD}.Debug|Any CPU.Build.0 = Debug|Any CPU
		{DAF8F35E-91EE-4A38-8F65-B4E5366D10CD}.Debug|Any CPU.Deploy.0 = Debug|Any CPU
		{DAF8F35E-91EE-4A38-8F65-B4E5366D10CD}.Release|Any CPU.ActiveCfg = Release|Any CPU
		{DAF8F35E-91EE-4A38-8F65-B4E5366D10CD}.Release|Any CPU.Build.0 = Release|Any CPU
		{DAF8F35E-91EE-4A38-8F65-B4E5366D10CD}.Release|Any CPU.Deploy.0 = Release|Any CPU
	EndGlobalSection
	GlobalSection(SolutionProperties) = preSolution
		HideSolutionNode = FALSE
	EndGlobalSection
	GlobalSection(ExtensibilityGlobals) = postSolution
		SolutionGuid = {CE4DF59A-B968-4610-B6E3-B5BAA4963CC8}
	EndGlobalSection
EndGlobal
